
Microsoft Visual Studio Solution File, Format Version 12.00
# Visual Studio 15
VisualStudioVersion = 15.0.28307.779
MinimumVisualStudioVersion = 10.0.40219.1
Project("{2150E333-8FDC-42A3-9474-1A3956D46DE8}") = "Cerveja", "Cerveja", "{651C8F08-BD92-4579-89A9-6A98A62B8DCB}"
EndProject
Project("{2150E333-8FDC-42A3-9474-1A3956D46DE8}") = "Cervejeiro", "Cervejeiro", "{A72F9BD5-9273-4C00-A80E-52A8F73E4233}"
EndProject
Project("{2150E333-8FDC-42A3-9474-1A3956D46DE8}") = "Checkin", "Checkin", "{77913263-CED8-45DD-917F-25350398294B}"
EndProject
Project("{FAE04EC0-301F-11D3-BF4B-00C04F79EFBC}") = "Cerveja.Domain", "Cerveja.Domain\Cerveja.Domain.csproj", "{BD8552A5-6348-415B-98DD-93CCADE39DB7}"
EndProject
Global
	GlobalSection(SolutionConfigurationPlatforms) = preSolution
		Debug|Any CPU = Debug|Any CPU
		Release|Any CPU = Release|Any CPU
	EndGlobalSection
	GlobalSection(ProjectConfigurationPlatforms) = postSolution
		{BD8552A5-6348-415B-98DD-93CCADE39DB7}.Debug|Any CPU.ActiveCfg = Debug|Any CPU
		{BD8552A5-6348-415B-98DD-93CCADE39DB7}.Debug|Any CPU.Build.0 = Debug|Any CPU
		{BD8552A5-6348-415B-98DD-93CCADE39DB7}.Release|Any CPU.ActiveCfg = Release|Any CPU
		{BD8552A5-6348-415B-98DD-93CCADE39DB7}.Release|Any CPU.Build.0 = Release|Any CPU
	EndGlobalSection
	GlobalSection(SolutionProperties) = preSolution
		HideSolutionNode = FALSE
	EndGlobalSection
	GlobalSection(NestedProjects) = preSolution
		{BD8552A5-6348-415B-98DD-93CCADE39DB7} = {651C8F08-BD92-4579-89A9-6A98A62B8DCB}
	EndGlobalSection
	GlobalSection(ExtensibilityGlobals) = postSolution
		SolutionGuid = {9FD4456B-4DC1-4949-8466-189AD1CA6982}
	EndGlobalSection
EndGlobal
